
Microsoft Visual Studio Solution File, Format Version 12.00
# Visual Studio 15
VisualStudioVersion = 15.0.27130.2010
MinimumVisualStudioVersion = 10.0.40219.1
Project("{FAE04EC0-301F-11D3-BF4B-00C04F79EFBC}") = "AddinExtrator", "AddinExtrator\AddinExtrator.csproj", "{E61BD136-61B1-429A-B547-CAF5CDAD4A76}"
EndProject
Project("{9A19103F-16F7-4668-BE54-9A1E7A4F7556}") = "OpenCalais", "OpenCalais\OpenCalais.csproj", "{3657C89E-A1A1-4806-904D-E1B891B7B45F}"
EndProject
Project("{FAE04EC0-301F-11D3-BF4B-00C04F79EFBC}") = "ConsoleApp", "ConsoleApp\ConsoleApp.csproj", "{E640F04E-DC47-41C1-9C09-91969D9EA639}"
EndProject
Project("{FAE04EC0-301F-11D3-BF4B-00C04F79EFBC}") = "Common", "Common\Common.csproj", "{D08D0FF0-CCEF-48A9-982E-572D4F06C422}"
EndProject
Project("{FAE04EC0-301F-11D3-BF4B-00C04F79EFBC}") = "WabAPI", "WabAPI\WabAPI.csproj", "{F5525913-0DF6-4381-BF1A-C75ACEB4B803}"
EndProject
Global
	GlobalSection(SolutionConfigurationPlatforms) = preSolution
		Debug|Any CPU = Debug|Any CPU
		Debug|ARM = Debug|ARM
		Debug|x64 = Debug|x64
		Debug|x86 = Debug|x86
		Release|Any CPU = Release|Any CPU
		Release|ARM = Release|ARM
		Release|x64 = Release|x64
		Release|x86 = Release|x86
	EndGlobalSection
	GlobalSection(ProjectConfigurationPlatforms) = postSolution
		{E61BD136-61B1-429A-B547-CAF5CDAD4A76}.Debug|Any CPU.ActiveCfg = Debug|Any CPU
		{E61BD136-61B1-429A-B547-CAF5CDAD4A76}.Debug|Any CPU.Build.0 = Debug|Any CPU
		{E61BD136-61B1-429A-B547-CAF5CDAD4A76}.Debug|ARM.ActiveCfg = Debug|Any CPU
		{E61BD136-61B1-429A-B547-CAF5CDAD4A76}.Debug|ARM.Build.0 = Debug|Any CPU
		{E61BD136-61B1-429A-B547-CAF5CDAD4A76}.Debug|x64.ActiveCfg = Debug|Any CPU
		{E61BD136-61B1-429A-B547-CAF5CDAD4A76}.Debug|x64.Build.0 = Debug|Any CPU
		{E61BD136-61B1-429A-B547-CAF5CDAD4A76}.Debug|x86.ActiveCfg = Debug|Any CPU
		{E61BD136-61B1-429A-B547-CAF5CDAD4A76}.Debug|x86.Build.0 = Debug|Any CPU
		{E61BD136-61B1-429A-B547-CAF5CDAD4A76}.Release|Any CPU.ActiveCfg = Release|Any CPU
		{E61BD136-61B1-429A-B547-CAF5CDAD4A76}.Release|Any CPU.Build.0 = Release|Any CPU
		{E61BD136-61B1-429A-B547-CAF5CDAD4A76}.Release|ARM.ActiveCfg = Release|Any CPU
		{E61BD136-61B1-429A-B547-CAF5CDAD4A76}.Release|ARM.Build.0 = Release|Any CPU
		{E61BD136-61B1-429A-B547-CAF5CDAD4A76}.Release|x64.ActiveCfg = Release|Any CPU
		{E61BD136-61B1-429A-B547-CAF5CDAD4A76}.Release|x64.Build.0 = Release|Any CPU
		{E61BD136-61B1-429A-B547-CAF5CDAD4A76}.Release|x86.ActiveCfg = Release|Any CPU
		{E61BD136-61B1-429A-B547-CAF5CDAD4A76}.Release|x86.Build.0 = Release|Any CPU
		{3657C89E-A1A1-4806-904D-E1B891B7B45F}.Debug|Any CPU.ActiveCfg = Debug|Any CPU
		{3657C89E-A1A1-4806-904D-E1B891B7B45F}.Debug|Any CPU.Build.0 = Debug|Any CPU
		{3657C89E-A1A1-4806-904D-E1B891B7B45F}.Debug|ARM.ActiveCfg = Debug|Any CPU
		{3657C89E-A1A1-4806-904D-E1B891B7B45F}.Debug|ARM.Build.0 = Debug|Any CPU
		{3657C89E-A1A1-4806-904D-E1B891B7B45F}.Debug|x64.ActiveCfg = Debug|Any CPU
		{3657C89E-A1A1-4806-904D-E1B891B7B45F}.Debug|x64.Build.0 = Debug|Any CPU
		{3657C89E-A1A1-4806-904D-E1B891B7B45F}.Debug|x86.ActiveCfg = Debug|Any CPU
		{3657C89E-A1A1-4806-904D-E1B891B7B45F}.Debug|x86.Build.0 = Debug|Any CPU
		{3657C89E-A1A1-4806-904D-E1B891B7B45F}.Release|Any CPU.ActiveCfg = Release|Any CPU
		{3657C89E-A1A1-4806-904D-E1B891B7B45F}.Release|Any CPU.Build.0 = Release|Any CPU
		{3657C89E-A1A1-4806-904D-E1B891B7B45F}.Release|ARM.ActiveCfg = Release|Any CPU
		{3657C89E-A1A1-4806-904D-E1B891B7B45F}.Release|ARM.Build.0 = Release|Any CPU
		{3657C89E-A1A1-4806-904D-E1B891B7B45F}.Release|x64.ActiveCfg = Release|Any CPU
		{3657C89E-A1A1-4806-904D-E1B891B7B45F}.Release|x64.Build.0 = Release|Any CPU
		{3657C89E-A1A1-4806-904D-E1B891B7B45F}.Release|x86.ActiveCfg = Release|Any CPU
		{3657C89E-A1A1-4806-904D-E1B891B7B45F}.Release|x86.Build.0 = Release|Any CPU
		{E640F04E-DC47-41C1-9C09-91969D9EA639}.Debug|Any CPU.ActiveCfg = Debug|Any CPU
		{E640F04E-DC47-41C1-9C09-91969D9EA639}.Debug|Any CPU.Build.0 = Debug|Any CPU
		{E640F04E-DC47-41C1-9C09-91969D9EA639}.Debug|ARM.ActiveCfg = Debug|Any CPU
		{E640F04E-DC47-41C1-9C09-91969D9EA639}.Debug|ARM.Build.0 = Debug|Any CPU
		{E640F04E-DC47-41C1-9C09-91969D9EA639}.Debug|x64.ActiveCfg = Debug|Any CPU
		{E640F04E-DC47-41C1-9C09-91969D9EA639}.Debug|x64.Build.0 = Debug|Any CPU
		{E640F04E-DC47-41C1-9C09-91969D9EA639}.Debug|x86.ActiveCfg = Debug|Any CPU
		{E640F04E-DC47-41C1-9C09-91969D9EA639}.Debug|x86.Build.0 = Debug|Any CPU
		{E640F04E-DC47-41C1-9C09-91969D9EA639}.Release|Any CPU.ActiveCfg = Release|Any CPU
		{E640F04E-DC47-41C1-9C09-91969D9EA639}.Release|Any CPU.Build.0 = Release|Any CPU
		{E640F04E-DC47-41C1-9C09-91969D9EA639}.Release|ARM.ActiveCfg = Release|Any CPU
		{E640F04E-DC47-41C1-9C09-91969D9EA639}.Release|ARM.Build.0 = Release|Any CPU
		{E640F04E-DC47-41C1-9C09-91969D9EA639}.Release|x64.ActiveCfg = Release|Any CPU
		{E640F04E-DC47-41C1-9C09-91969D9EA639}.Release|x64.Build.0 = Release|Any CPU
		{E640F04E-DC47-41C1-9C09-91969D9EA639}.Release|x86.ActiveCfg = Release|Any CPU
		{E640F04E-DC47-41C1-9C09-91969D9EA639}.Release|x86.Build.0 = Release|Any CPU
		{D08D0FF0-CCEF-48A9-982E-572D4F06C422}.Debug|Any CPU.ActiveCfg = Debug|Any CPU
		{D08D0FF0-CCEF-48A9-982E-572D4F06C422}.Debug|Any CPU.Build.0 = Debug|Any CPU
		{D08D0FF0-CCEF-48A9-982E-572D4F06C422}.Debug|ARM.ActiveCfg = Debug|Any CPU
		{D08D0FF0-CCEF-48A9-982E-572D4F06C422}.Debug|ARM.Build.0 = Debug|Any CPU
		{D08D0FF0-CCEF-48A9-982E-572D4F06C422}.Debug|x64.ActiveCfg = Debug|Any CPU
		{D08D0FF0-CCEF-48A9-982E-572D4F06C422}.Debug|x64.Build.0 = Debug|Any CPU
		{D08D0FF0-CCEF-48A9-982E-572D4F06C422}.Debug|x86.ActiveCfg = Debug|Any CPU
		{D08D0FF0-CCEF-48A9-982E-572D4F06C422}.Debug|x86.Build.0 = Debug|Any CPU
		{D08D0FF0-CCEF-48A9-982E-572D4F06C422}.Release|Any CPU.ActiveCfg = Release|Any CPU
		{D08D0FF0-CCEF-48A9-982E-572D4F06C422}.Release|Any CPU.Build.0 = Release|Any CPU
		{D08D0FF0-CCEF-48A9-982E-572D4F06C422}.Release|ARM.ActiveCfg = Release|Any CPU
		{D08D0FF0-CCEF-48A9-982E-572D4F06C422}.Release|ARM.Build.0 = Release|Any CPU
		{D08D0FF0-CCEF-48A9-982E-572D4F06C422}.Release|x64.ActiveCfg = Release|Any CPU
		{D08D0FF0-CCEF-48A9-982E-572D4F06C422}.Release|x64.Build.0 = Release|Any CPU
		{D08D0FF0-CCEF-48A9-982E-572D4F06C422}.Release|x86.ActiveCfg = Release|Any CPU
		{D08D0FF0-CCEF-48A9-982E-572D4F06C422}.Release|x86.Build.0 = Release|Any CPU
		{F5525913-0DF6-4381-BF1A-C75ACEB4B803}.Debug|Any CPU.ActiveCfg = Debug|Any CPU
		{F5525913-0DF6-4381-BF1A-C75ACEB4B803}.Debug|Any CPU.Build.0 = Debug|Any CPU
		{F5525913-0DF6-4381-BF1A-C75ACEB4B803}.Debug|ARM.ActiveCfg = Debug|Any CPU
		{F5525913-0DF6-4381-BF1A-C75ACEB4B803}.Debug|ARM.Build.0 = Debug|Any CPU
		{F5525913-0DF6-4381-BF1A-C75ACEB4B803}.Debug|x64.ActiveCfg = Debug|Any CPU
		{F5525913-0DF6-4381-BF1A-C75ACEB4B803}.Debug|x64.Build.0 = Debug|Any CPU
		{F5525913-0DF6-4381-BF1A-C75ACEB4B803}.Debug|x86.ActiveCfg = Debug|Any CPU
		{F5525913-0DF6-4381-BF1A-C75ACEB4B803}.Debug|x86.Build.0 = Debug|Any CPU
		{F5525913-0DF6-4381-BF1A-C75ACEB4B803}.Release|Any CPU.ActiveCfg = Release|Any CPU
		{F5525913-0DF6-4381-BF1A-C75ACEB4B803}.Release|Any CPU.Build.0 = Release|Any CPU
		{F5525913-0DF6-4381-BF1A-C75ACEB4B803}.Release|ARM.ActiveCfg = Release|Any CPU
		{F5525913-0DF6-4381-BF1A-C75ACEB4B803}.Release|ARM.Build.0 = Release|Any CPU
		{F5525913-0DF6-4381-BF1A-C75ACEB4B803}.Release|x64.ActiveCfg = Release|Any CPU
		{F5525913-0DF6-4381-BF1A-C75ACEB4B803}.Release|x64.Build.0 = Release|Any CPU
		{F5525913-0DF6-4381-BF1A-C75ACEB4B803}.Release|x86.ActiveCfg = Release|Any CPU
		{F5525913-0DF6-4381-BF1A-C75ACEB4B803}.Release|x86.Build.0 = Release|Any CPU
	EndGlobalSection
	GlobalSection(SolutionProperties) = preSolution
		HideSolutionNode = FALSE
	EndGlobalSection
	GlobalSection(ExtensibilityGlobals) = postSolution
		SolutionGuid = {478952E7-B3A7-4321-BA54-CE4534862089}
	EndGlobalSection
EndGlobal
